
Microsoft Visual Studio Solution File, Format Version 12.00
# Visual Studio Version 16
VisualStudioVersion = 16.0.29102.190
MinimumVisualStudioVersion = 10.0.40219.1
Project("{2150E333-8FDC-42A3-9474-1A3956D46DE8}") = "Solution Items", "Solution Items", "{EB317F30-6407-4F92-B5F1-23C73204835B}"
	ProjectSection(SolutionItems) = preProject
		.gitattributes = .gitattributes
		.gitignore = .gitignore
		appveyor.yml = appveyor.yml
		LICENSE = LICENSE
		README.md = README.md
	EndProjectSection
EndProject
Project("{2150E333-8FDC-42A3-9474-1A3956D46DE8}") = "Tests", "Tests", "{6E611AE2-C194-4A44-B327-7C2271F1A4FB}"
EndProject
Project("{FAE04EC0-301F-11D3-BF4B-00C04F79EFBC}") = "Grumpy.ServiceBase", "Grumpy.ServiceBase\Grumpy.ServiceBase.csproj", "{DA819A10-4BEF-4E7D-A56D-A6DE746EFF86}"
EndProject
Project("{FAE04EC0-301F-11D3-BF4B-00C04F79EFBC}") = "Grumpy.ServiceBase.UnitTests", "Grumpy.ServiceBase.UnitTests\Grumpy.ServiceBase.UnitTests.csproj", "{657447E6-0A3B-4BE7-B5DC-5287FB3F9DF8}"
EndProject
Project("{FAE04EC0-301F-11D3-BF4B-00C04F79EFBC}") = "Grumpy.ServiceBase.Tester", "Grumpy.ServiceBase.Tester\Grumpy.ServiceBase.Tester.csproj", "{CA552D93-C7D2-4730-8F3F-2A1A87D5A202}"
EndProject
Global
	GlobalSection(SolutionConfigurationPlatforms) = preSolution
		Debug|Any CPU = Debug|Any CPU
		Release|Any CPU = Release|Any CPU
	EndGlobalSection
	GlobalSection(ProjectConfigurationPlatforms) = postSolution
		{DA819A10-4BEF-4E7D-A56D-A6DE746EFF86}.Debug|Any CPU.ActiveCfg = Debug|Any CPU
		{DA819A10-4BEF-4E7D-A56D-A6DE746EFF86}.Debug|Any CPU.Build.0 = Debug|Any CPU
		{DA819A10-4BEF-4E7D-A56D-A6DE746EFF86}.Release|Any CPU.ActiveCfg = Release|Any CPU
		{DA819A10-4BEF-4E7D-A56D-A6DE746EFF86}.Release|Any CPU.Build.0 = Release|Any CPU
		{657447E6-0A3B-4BE7-B5DC-5287FB3F9DF8}.Debug|Any CPU.ActiveCfg = Debug|Any CPU
		{657447E6-0A3B-4BE7-B5DC-5287FB3F9DF8}.Debug|Any CPU.Build.0 = Debug|Any CPU
		{657447E6-0A3B-4BE7-B5DC-5287FB3F9DF8}.Release|Any CPU.ActiveCfg = Release|Any CPU
		{657447E6-0A3B-4BE7-B5DC-5287FB3F9DF8}.Release|Any CPU.Build.0 = Release|Any CPU
		{CA552D93-C7D2-4730-8F3F-2A1A87D5A202}.Debug|Any CPU.ActiveCfg = Debug|Any CPU
		{CA552D93-C7D2-4730-8F3F-2A1A87D5A202}.Debug|Any CPU.Build.0 = Debug|Any CPU
		{CA552D93-C7D2-4730-8F3F-2A1A87D5A202}.Release|Any CPU.ActiveCfg = Release|Any CPU
		{CA552D93-C7D2-4730-8F3F-2A1A87D5A202}.Release|Any CPU.Build.0 = Release|Any CPU
	EndGlobalSection
	GlobalSection(SolutionProperties) = preSolution
		HideSolutionNode = FALSE
	EndGlobalSection
	GlobalSection(NestedProjects) = preSolution
		{657447E6-0A3B-4BE7-B5DC-5287FB3F9DF8} = {6E611AE2-C194-4A44-B327-7C2271F1A4FB}
	EndGlobalSection
	GlobalSection(ExtensibilityGlobals) = postSolution
		SolutionGuid = {8D8470B6-E645-44D7-9888-2894AFCCBE91}
	EndGlobalSection
EndGlobal
